// !$*UTF8*$!
{
	archiveVersion = 1;
	classes = {
	};
	objectVersion = 46;
	objects = {

/* Begin PBXBuildFile section */
		59B41C881AA34642003CB61F /* Display.c in Sources */ = {isa = PBXBuildFile; fileRef = 59B41C871AA34641003CB61F /* Display.c */; };
		59B41C8B1AA363B4003CB61F /* Sensors.c in Sources */ = {isa = PBXBuildFile; fileRef = 59B41C8A1AA363B4003CB61F /* Sensors.c */; };
		59D40C3E1A9B463600FC0E5A /* main.c in Sources */ = {isa = PBXBuildFile; fileRef = 59D40C3D1A9B463600FC0E5A /* main.c */; };
		59D40C411A9B463600FC0E5A /* Makefile in Sources */ = {isa = PBXBuildFile; fileRef = 59D40C401A9B463600FC0E5A /* Makefile */; };
/* End PBXBuildFile section */

/* Begin PBXFileReference section */
		595354861A9DDAFB0054C036 /* PinsConfig.h */ = {isa = PBXFileReference; lastKnownFileType = sourcecode.c.h; path = PinsConfig.h; sourceTree = "<group>"; };
		5953549C1A9E05F60054C036 /* Chars.h */ = {isa = PBXFileReference; lastKnownFileType = sourcecode.c.h; path = Chars.h; sourceTree = "<group>"; };
		5953549D1A9E319C0054C036 /* Square15.h */ = {isa = PBXFileReference; lastKnownFileType = sourcecode.c.h; path = Square15.h; sourceTree = "<group>"; };
		59B41C861AA3453A003CB61F /* Display.h */ = {isa = PBXFileReference; lastKnownFileType = sourcecode.c.h; path = Display.h; sourceTree = "<group>"; };
		59B41C871AA34641003CB61F /* Display.c */ = {isa = PBXFileReference; fileEncoding = 4; lastKnownFileType = sourcecode.c.c; path = Display.c; sourceTree = "<group>"; };
		59B41C891AA363A8003CB61F /* Sensors.h */ = {isa = PBXFileReference; lastKnownFileType = sourcecode.c.h; path = Sensors.h; sourceTree = "<group>"; };
		59B41C8A1AA363B4003CB61F /* Sensors.c */ = {isa = PBXFileReference; fileEncoding = 4; lastKnownFileType = sourcecode.c.c; path = Sensors.c; sourceTree = "<group>"; };
		59D40C3A1A9B463600FC0E5A /* Index */ = {isa = PBXFileReference; explicitFileType = "compiled.mach-o.executable"; includeInIndex = 0; path = Index; sourceTree = BUILT_PRODUCTS_DIR; };
		59D40C3D1A9B463600FC0E5A /* main.c */ = {isa = PBXFileReference; lastKnownFileType = sourcecode.c.c; path = main.c; sourceTree = "<group>"; };
		59D40C401A9B463600FC0E5A /* Makefile */ = {isa = PBXFileReference; lastKnownFileType = sourcecode.make; path = Makefile; sourceTree = "<group>"; };
		59E5381B1A9E71A600BBE0FE /* Images.h */ = {isa = PBXFileReference; lastKnownFileType = sourcecode.c.h; path = Images.h; sourceTree = "<group>"; };
/* End PBXFileReference section */

/* Begin PBXGroup section */
		59D40C2F1A9B463600FC0E5A = {
			isa = PBXGroup;
			children = (
				59D40C3C1A9B463600FC0E5A /* MicMonu100 */,
				59D40C3B1A9B463600FC0E5A /* Products */,
			);
			sourceTree = "<group>";
		};
		59D40C3B1A9B463600FC0E5A /* Products */ = {
			isa = PBXGroup;
			children = (
				59D40C3A1A9B463600FC0E5A /* Index */,
			);
			name = Products;
			sourceTree = "<group>";
		};
		59D40C3C1A9B463600FC0E5A /* MicMonu100 */ = {
			isa = PBXGroup;
			children = (
				595354861A9DDAFB0054C036 /* PinsConfig.h */,
				59D40C3D1A9B463600FC0E5A /* main.c */,
				59B41C891AA363A8003CB61F /* Sensors.h */,
				59B41C8A1AA363B4003CB61F /* Sensors.c */,
				59B41C861AA3453A003CB61F /* Display.h */,
				59B41C871AA34641003CB61F /* Display.c */,
				5953549C1A9E05F60054C036 /* Chars.h */,
				59E5381B1A9E71A600BBE0FE /* Images.h */,
				5953549D1A9E319C0054C036 /* Square15.h */,
				59D40C3F1A9B463600FC0E5A /* Makefiles */,
			);
			path = MicMonu100;
			sourceTree = "<group>";
		};
		59D40C3F1A9B463600FC0E5A /* Makefiles */ = {
			isa = PBXGroup;
			children = (
				59D40C401A9B463600FC0E5A /* Makefile */,
			);
			name = Makefiles;
			sourceTree = "<group>";
		};
/* End PBXGroup section */

/* Begin PBXLegacyTarget section */
		59D40C341A9B463600FC0E5A /* All */ = {
			isa = PBXLegacyTarget;
			buildArgumentsString = "all -C \"$(PROJECT)\"";
			buildConfigurationList = 59D40C441A9B463600FC0E5A /* Build configuration list for PBXLegacyTarget "All" */;
			buildPhases = (
			);
			buildToolPath = make;
			dependencies = (
			);
			name = All;
			passBuildSettingsInEnvironment = 1;
			productName = All;
		};
		59D40C351A9B463600FC0E5A /* Build */ = {
			isa = PBXLegacyTarget;
			buildArgumentsString = "clean build -C \"$(PROJECT)\"";
			buildConfigurationList = 59D40C471A9B463600FC0E5A /* Build configuration list for PBXLegacyTarget "Build" */;
			buildPhases = (
			);
			buildToolPath = make;
			dependencies = (
			);
			name = Build;
			passBuildSettingsInEnvironment = 1;
			productName = Build;
		};
		59D40C361A9B463600FC0E5A /* Upload */ = {
			isa = PBXLegacyTarget;
			buildArgumentsString = "clean build program -C \"$(PROJECT)\" ";
			buildConfigurationList = 59D40C4A1A9B463600FC0E5A /* Build configuration list for PBXLegacyTarget "Upload" */;
			buildPhases = (
			);
			buildToolPath = make;
			buildWorkingDirectory = "";
			dependencies = (
			);
			name = Upload;
			passBuildSettingsInEnvironment = 1;
			productName = Upload;
		};
		59D40C371A9B463600FC0E5A /* Clean */ = {
			isa = PBXLegacyTarget;
			buildArgumentsString = "clean -C \"$(PROJECT)\"";
			buildConfigurationList = 59D40C4D1A9B463600FC0E5A /* Build configuration list for PBXLegacyTarget "Clean" */;
			buildPhases = (
			);
			buildToolPath = make;
			dependencies = (
			);
			name = Clean;
			passBuildSettingsInEnvironment = 1;
			productName = Clean;
		};
/* End PBXLegacyTarget section */

/* Begin PBXNativeTarget section */
		59D40C391A9B463600FC0E5A /* Index */ = {
			isa = PBXNativeTarget;
			buildConfigurationList = 59D40C501A9B463600FC0E5A /* Build configuration list for PBXNativeTarget "Index" */;
			buildPhases = (
				59D40C381A9B463600FC0E5A /* Sources */,
			);
			buildRules = (
			);
			dependencies = (
			);
			name = Index;
			productName = Index;
			productReference = 59D40C3A1A9B463600FC0E5A /* Index */;
			productType = "com.apple.product-type.tool";
		};
/* End PBXNativeTarget section */

/* Begin PBXProject section */
		59D40C301A9B463600FC0E5A /* Project object */ = {
			isa = PBXProject;
			attributes = {
				LastUpgradeCheck = 0510;
				ORGANIZATIONNAME = "Manuel Deneu";
			};
			buildConfigurationList = 59D40C331A9B463600FC0E5A /* Build configuration list for PBXProject "MicMonu100" */;
			compatibilityVersion = "Xcode 3.2";
			developmentRegion = English;
			hasScannedForEncodings = 0;
			knownRegions = (
				en,
			);
			mainGroup = 59D40C2F1A9B463600FC0E5A;
			productRefGroup = 59D40C3B1A9B463600FC0E5A /* Products */;
			projectDirPath = "";
			projectRoot = "";
			targets = (
				59D40C341A9B463600FC0E5A /* All */,
				59D40C351A9B463600FC0E5A /* Build */,
				59D40C361A9B463600FC0E5A /* Upload */,
				59D40C371A9B463600FC0E5A /* Clean */,
				59D40C391A9B463600FC0E5A /* Index */,
			);
		};
/* End PBXProject section */

/* Begin PBXSourcesBuildPhase section */
		59D40C381A9B463600FC0E5A /* Sources */ = {
			isa = PBXSourcesBuildPhase;
			buildActionMask = 2147483647;
			files = (
				59D40C411A9B463600FC0E5A /* Makefile in Sources */,
				59D40C3E1A9B463600FC0E5A /* main.c in Sources */,
				59B41C881AA34642003CB61F /* Display.c in Sources */,
				59B41C8B1AA363B4003CB61F /* Sensors.c in Sources */,
			);
			runOnlyForDeploymentPostprocessing = 0;
		};
/* End PBXSourcesBuildPhase section */

/* Begin XCBuildConfiguration section */
		59D40C421A9B463600FC0E5A /* Debug */ = {
			isa = XCBuildConfiguration;
			buildSettings = {
				ALWAYS_SEARCH_USER_PATHS = NO;
				CLANG_CXX_LANGUAGE_STANDARD = "gnu++0x";
				CLANG_CXX_LIBRARY = "libc++";
				CLANG_ENABLE_MODULES = YES;
				CLANG_ENABLE_OBJC_ARC = YES;
				CLANG_WARN_BOOL_CONVERSION = YES;
				CLANG_WARN_CONSTANT_CONVERSION = YES;
				CLANG_WARN_DIRECT_OBJC_ISA_USAGE = YES_ERROR;
				CLANG_WARN_EMPTY_BODY = YES;
				CLANG_WARN_ENUM_CONVERSION = YES;
				CLANG_WARN_INT_CONVERSION = YES;
				CLANG_WARN_OBJC_ROOT_CLASS = YES_ERROR;
				CLANG_WARN__DUPLICATE_METHOD_MATCH = YES;
				COPY_PHASE_STRIP = NO;
				GCC_C_LANGUAGE_STANDARD = gnu99;
				GCC_DYNAMIC_NO_PIC = NO;
				GCC_OPTIMIZATION_LEVEL = 0;
				GCC_PREPROCESSOR_DEFINITIONS = (
					"DEBUG=1,",
					"__AVR_ATmega2560__,",
					"F_CPU=16000000",
				);
				GCC_SYMBOLS_PRIVATE_EXTERN = NO;
				GCC_WARN_64_TO_32_BIT_CONVERSION = YES;
				GCC_WARN_ABOUT_RETURN_TYPE = YES_ERROR;
				GCC_WARN_UNDECLARED_SELECTOR = YES;
				GCC_WARN_UNINITIALIZED_AUTOS = YES_AGGRESSIVE;
				GCC_WARN_UNUSED_FUNCTION = YES;
				GCC_WARN_UNUSED_VARIABLE = YES;
				HEADER_SEARCH_PATHS = (
					"/usr/local/CrossPack-AVR-20131216/lib/gcc/avr/4.8.1/include",
					"/usr/local/CrossPack-AVR-20131216/lib/gcc/avr/4.8.1/include-fixed",
					"/usr/local/CrossPack-AVR-20131216/avr/include",
				);
				PATH = "$(PATH):$(PROJECT_DIR)";
				PRODUCT_NAME = "$(TARGET_NAME)";
			};
			name = Debug;
		};
		59D40C431A9B463600FC0E5A /* Release */ = {
			isa = XCBuildConfiguration;
			buildSettings = {
				ALWAYS_SEARCH_USER_PATHS = NO;
				CLANG_CXX_LANGUAGE_STANDARD = "gnu++0x";
				CLANG_CXX_LIBRARY = "libc++";
				CLANG_ENABLE_MODULES = YES;
				CLANG_ENABLE_OBJC_ARC = YES;
				CLANG_WARN_BOOL_CONVERSION = YES;
				CLANG_WARN_CONSTANT_CONVERSION = YES;
				CLANG_WARN_DIRECT_OBJC_ISA_USAGE = YES_ERROR;
				CLANG_WARN_EMPTY_BODY = YES;
				CLANG_WARN_ENUM_CONVERSION = YES;
				CLANG_WARN_INT_CONVERSION = YES;
				CLANG_WARN_OBJC_ROOT_CLASS = YES_ERROR;
				CLANG_WARN__DUPLICATE_METHOD_MATCH = YES;
				COPY_PHASE_STRIP = YES;
				ENABLE_NS_ASSERTIONS = NO;
				GCC_C_LANGUAGE_STANDARD = gnu99;
				GCC_PREPROCESSOR_DEFINITIONS = (
					"__AVR_ATmega2560__,",
					"F_CPU=16000000",
				);
				GCC_WARN_64_TO_32_BIT_CONVERSION = YES;
				GCC_WARN_ABOUT_RETURN_TYPE = YES_ERROR;
				GCC_WARN_UNDECLARED_SELECTOR = YES;
				GCC_WARN_UNINITIALIZED_AUTOS = YES_AGGRESSIVE;
				GCC_WARN_UNUSED_FUNCTION = YES;
				GCC_WARN_UNUSED_VARIABLE = YES;
				HEADER_SEARCH_PATHS = (
					"/usr/local/CrossPack-AVR-20131216/lib/gcc/avr/4.8.1/include",
					"/usr/local/CrossPack-AVR-20131216/lib/gcc/avr/4.8.1/include-fixed",
					"/usr/local/CrossPack-AVR-20131216/avr/include",
				);
				PATH = "$(PATH):$(PROJECT_DIR)";
				PRODUCT_NAME = "$(TARGET_NAME)";
			};
			name = Release;
		};
		59D40C451A9B463600FC0E5A /* Debug */ = {
			isa = XCBuildConfiguration;
			buildSettings = {
				PRODUCT_NAME = "$(TARGET_NAME)";
			};
			name = Debug;
		};
		59D40C461A9B463600FC0E5A /* Release */ = {
			isa = XCBuildConfiguration;
			buildSettings = {
				PRODUCT_NAME = "$(TARGET_NAME)";
			};
			name = Release;
		};
		59D40C481A9B463600FC0E5A /* Debug */ = {
			isa = XCBuildConfiguration;
			buildSettings = {
			};
			name = Debug;
		};
		59D40C491A9B463600FC0E5A /* Release */ = {
			isa = XCBuildConfiguration;
			buildSettings = {
			};
			name = Release;
		};
		59D40C4B1A9B463600FC0E5A /* Debug */ = {
			isa = XCBuildConfiguration;
			buildSettings = {
			};
			name = Debug;
		};
		59D40C4C1A9B463600FC0E5A /* Release */ = {
			isa = XCBuildConfiguration;
			buildSettings = {
			};
			name = Release;
		};
		59D40C4E1A9B463600FC0E5A /* Debug */ = {
			isa = XCBuildConfiguration;
			buildSettings = {
			};
			name = Debug;
		};
		59D40C4F1A9B463600FC0E5A /* Release */ = {
			isa = XCBuildConfiguration;
			buildSettings = {
			};
			name = Release;
		};
		59D40C511A9B463600FC0E5A /* Debug */ = {
			isa = XCBuildConfiguration;
			buildSettings = {
			};
			name = Debug;
		};
		59D40C521A9B463600FC0E5A /* Release */ = {
			isa = XCBuildConfiguration;
			buildSettings = {
			};
			name = Release;
		};
/* End XCBuildConfiguration section */

/* Begin XCConfigurationList section */
		59D40C331A9B463600FC0E5A /* Build configuration list for PBXProject "MicMonu100" */ = {
			isa = XCConfigurationList;
			buildConfigurations = (
				59D40C421A9B463600FC0E5A /* Debug */,
				59D40C431A9B463600FC0E5A /* Release */,
			);
			defaultConfigurationIsVisible = 0;
			defaultConfigurationName = Release;
		};
		59D40C441A9B463600FC0E5A /* Build configuration list for PBXLegacyTarget "All" */ = {
			isa = XCConfigurationList;
			buildConfigurations = (
				59D40C451A9B463600FC0E5A /* Debug */,
				59D40C461A9B463600FC0E5A /* Release */,
			);
			defaultConfigurationIsVisible = 0;
			defaultConfigurationName = Release;
		};
		59D40C471A9B463600FC0E5A /* Build configuration list for PBXLegacyTarget "Build" */ = {
			isa = XCConfigurationList;
			buildConfigurations = (
				59D40C481A9B463600FC0E5A /* Debug */,
				59D40C491A9B463600FC0E5A /* Release */,
			);
			defaultConfigurationIsVisible = 0;
			defaultConfigurationName = Release;
		};
		59D40C4A1A9B463600FC0E5A /* Build configuration list for PBXLegacyTarget "Upload" */ = {
			isa = XCConfigurationList;
			buildConfigurations = (
				59D40C4B1A9B463600FC0E5A /* Debug */,
				59D40C4C1A9B463600FC0E5A /* Release */,
			);
			defaultConfigurationIsVisible = 0;
			defaultConfigurationName = Release;
		};
		59D40C4D1A9B463600FC0E5A /* Build configuration list for PBXLegacyTarget "Clean" */ = {
			isa = XCConfigurationList;
			buildConfigurations = (
				59D40C4E1A9B463600FC0E5A /* Debug */,
				59D40C4F1A9B463600FC0E5A /* Release */,
			);
			defaultConfigurationIsVisible = 0;
			defaultConfigurationName = Release;
		};
		59D40C501A9B463600FC0E5A /* Build configuration list for PBXNativeTarget "Index" */ = {
			isa = XCConfigurationList;
			buildConfigurations = (
				59D40C511A9B463600FC0E5A /* Debug */,
				59D40C521A9B463600FC0E5A /* Release */,
			);
			defaultConfigurationIsVisible = 0;
			defaultConfigurationName = Release;
		};
/* End XCConfigurationList section */
	};
	rootObject = 59D40C301A9B463600FC0E5A /* Project object */;
}
